// !$*UTF8*$!
{
	archiveVersion = 1;
	classes = {
	};
	objectVersion = 50;
	objects = {

/* Begin PBXBuildFile section */
		456DB00B2549119400288941 /* GitHubUsersCoreDataStorage.swift in Sources */ = {isa = PBXBuildFile; fileRef = 456DB00A2549119400288941 /* GitHubUsersCoreDataStorage.swift */; };
		456DB0142549129D00288941 /* GitHubUsersDataModel.xcdatamodeld in Sources */ = {isa = PBXBuildFile; fileRef = 456DB0122549129D00288941 /* GitHubUsersDataModel.xcdatamodeld */; };
		456DB01D25491AC700288941 /* GitHubUsersJSONParser.swift in Sources */ = {isa = PBXBuildFile; fileRef = 456DB01C25491AC700288941 /* GitHubUsersJSONParser.swift */; };
		456DB02D25491E4700288941 /* GitHubUsersCoreDataStorageError.swift in Sources */ = {isa = PBXBuildFile; fileRef = 456DB02C25491E4700288941 /* GitHubUsersCoreDataStorageError.swift */; };
		456DB033254934FF00288941 /* GitHubUsersURLDataProvider.swift in Sources */ = {isa = PBXBuildFile; fileRef = 456DB032254934FF00288941 /* GitHubUsersURLDataProvider.swift */; };
		456DB03B2549373300288941 /* GitHubUsersURLDataProviderError.swift in Sources */ = {isa = PBXBuildFile; fileRef = 456DB03A2549373300288941 /* GitHubUsersURLDataProviderError.swift */; };
		456DB04125493DA500288941 /* GitHubUsersDataCoordinator.swift in Sources */ = {isa = PBXBuildFile; fileRef = 456DB04025493DA500288941 /* GitHubUsersDataCoordinator.swift */; };
		456DB04725493E6E00288941 /* GitHubUsersStorage.swift in Sources */ = {isa = PBXBuildFile; fileRef = 456DB04625493E6E00288941 /* GitHubUsersStorage.swift */; };
		456DB0582549400100288941 /* GitHubUsersDataProvider.swift in Sources */ = {isa = PBXBuildFile; fileRef = 456DB0572549400100288941 /* GitHubUsersDataProvider.swift */; };
		45A83FA52549415E0063AC9F /* GitHubUsersParser.swift in Sources */ = {isa = PBXBuildFile; fileRef = 45A83FA42549415E0063AC9F /* GitHubUsersParser.swift */; };
		45A83FAA254A57650063AC9F /* LoadMoreTableViewCell.swift in Sources */ = {isa = PBXBuildFile; fileRef = 45A83FA9254A57650063AC9F /* LoadMoreTableViewCell.swift */; };
		45A83FAF254A668A0063AC9F /* GitHubUserTableViewCell.swift in Sources */ = {isa = PBXBuildFile; fileRef = 45A83FAE254A668A0063AC9F /* GitHubUserTableViewCell.swift */; };
		45A83FB4254A6EB70063AC9F /* ImageLoader.swift in Sources */ = {isa = PBXBuildFile; fileRef = 45A83FB3254A6EB70063AC9F /* ImageLoader.swift */; };
		45DD68F92547C813003B139E /* AppDelegate.swift in Sources */ = {isa = PBXBuildFile; fileRef = 45DD68F82547C813003B139E /* AppDelegate.swift */; };
		45DD68FB2547C813003B139E /* SceneDelegate.swift in Sources */ = {isa = PBXBuildFile; fileRef = 45DD68FA2547C813003B139E /* SceneDelegate.swift */; };
		45DD68FD2547C813003B139E /* GitHubUsersListTableViewController.swift in Sources */ = {isa = PBXBuildFile; fileRef = 45DD68FC2547C813003B139E /* GitHubUsersListTableViewController.swift */; };
		45DD69002547C813003B139E /* Main.storyboard in Resources */ = {isa = PBXBuildFile; fileRef = 45DD68FE2547C813003B139E /* Main.storyboard */; };
		45DD69022547C81A003B139E /* Assets.xcassets in Resources */ = {isa = PBXBuildFile; fileRef = 45DD69012547C81A003B139E /* Assets.xcassets */; };
		45DD69052547C81A003B139E /* LaunchScreen.storyboard in Resources */ = {isa = PBXBuildFile; fileRef = 45DD69032547C81A003B139E /* LaunchScreen.storyboard */; };
		45DD69102547C81A003B139E /* GitHubUsersTests.swift in Sources */ = {isa = PBXBuildFile; fileRef = 45DD690F2547C81A003B139E /* GitHubUsersTests.swift */; };
		45DD691B2547C81A003B139E /* GitHubUsersUITests.swift in Sources */ = {isa = PBXBuildFile; fileRef = 45DD691A2547C81A003B139E /* GitHubUsersUITests.swift */; };
/* End PBXBuildFile section */

/* Begin PBXContainerItemProxy section */
		45DD690C2547C81A003B139E /* PBXContainerItemProxy */ = {
			isa = PBXContainerItemProxy;
			containerPortal = 45DD68ED2547C813003B139E /* Project object */;
			proxyType = 1;
			remoteGlobalIDString = 45DD68F42547C813003B139E;
			remoteInfo = GitHubUsers;
		};
		45DD69172547C81A003B139E /* PBXContainerItemProxy */ = {
			isa = PBXContainerItemProxy;
			containerPortal = 45DD68ED2547C813003B139E /* Project object */;
			proxyType = 1;
			remoteGlobalIDString = 45DD68F42547C813003B139E;
			remoteInfo = GitHubUsers;
		};
/* End PBXContainerItemProxy section */

/* Begin PBXFileReference section */
		456DB00A2549119400288941 /* GitHubUsersCoreDataStorage.swift */ = {isa = PBXFileReference; lastKnownFileType = sourcecode.swift; path = GitHubUsersCoreDataStorage.swift; sourceTree = "<group>"; };
		456DB0132549129D00288941 /* GitHubUsersDataModel.xcdatamodel */ = {isa = PBXFileReference; lastKnownFileType = wrapper.xcdatamodel; path = GitHubUsersDataModel.xcdatamodel; sourceTree = "<group>"; };
		456DB01C25491AC700288941 /* GitHubUsersJSONParser.swift */ = {isa = PBXFileReference; lastKnownFileType = sourcecode.swift; path = GitHubUsersJSONParser.swift; sourceTree = "<group>"; };
		456DB02C25491E4700288941 /* GitHubUsersCoreDataStorageError.swift */ = {isa = PBXFileReference; lastKnownFileType = sourcecode.swift; path = GitHubUsersCoreDataStorageError.swift; sourceTree = "<group>"; };
		456DB032254934FF00288941 /* GitHubUsersURLDataProvider.swift */ = {isa = PBXFileReference; lastKnownFileType = sourcecode.swift; path = GitHubUsersURLDataProvider.swift; sourceTree = "<group>"; };
		456DB03A2549373300288941 /* GitHubUsersURLDataProviderError.swift */ = {isa = PBXFileReference; lastKnownFileType = sourcecode.swift; path = GitHubUsersURLDataProviderError.swift; sourceTree = "<group>"; };
		456DB04025493DA500288941 /* GitHubUsersDataCoordinator.swift */ = {isa = PBXFileReference; lastKnownFileType = sourcecode.swift; path = GitHubUsersDataCoordinator.swift; sourceTree = "<group>"; };
		456DB04625493E6E00288941 /* GitHubUsersStorage.swift */ = {isa = PBXFileReference; lastKnownFileType = sourcecode.swift; path = GitHubUsersStorage.swift; sourceTree = "<group>"; };
		456DB0572549400100288941 /* GitHubUsersDataProvider.swift */ = {isa = PBXFileReference; lastKnownFileType = sourcecode.swift; path = GitHubUsersDataProvider.swift; sourceTree = "<group>"; };
		45A83FA42549415E0063AC9F /* GitHubUsersParser.swift */ = {isa = PBXFileReference; lastKnownFileType = sourcecode.swift; path = GitHubUsersParser.swift; sourceTree = "<group>"; };
		45A83FA9254A57650063AC9F /* LoadMoreTableViewCell.swift */ = {isa = PBXFileReference; lastKnownFileType = sourcecode.swift; path = LoadMoreTableViewCell.swift; sourceTree = "<group>"; };
		45A83FAE254A668A0063AC9F /* GitHubUserTableViewCell.swift */ = {isa = PBXFileReference; lastKnownFileType = sourcecode.swift; path = GitHubUserTableViewCell.swift; sourceTree = "<group>"; };
		45A83FB3254A6EB70063AC9F /* ImageLoader.swift */ = {isa = PBXFileReference; lastKnownFileType = sourcecode.swift; path = ImageLoader.swift; sourceTree = "<group>"; };
		45DD68F52547C813003B139E /* GitHubUsers.app */ = {isa = PBXFileReference; explicitFileType = wrapper.application; includeInIndex = 0; path = GitHubUsers.app; sourceTree = BUILT_PRODUCTS_DIR; };
		45DD68F82547C813003B139E /* AppDelegate.swift */ = {isa = PBXFileReference; lastKnownFileType = sourcecode.swift; path = AppDelegate.swift; sourceTree = "<group>"; };
		45DD68FA2547C813003B139E /* SceneDelegate.swift */ = {isa = PBXFileReference; lastKnownFileType = sourcecode.swift; path = SceneDelegate.swift; sourceTree = "<group>"; };
		45DD68FC2547C813003B139E /* GitHubUsersListTableViewController.swift */ = {isa = PBXFileReference; lastKnownFileType = sourcecode.swift; path = GitHubUsersListTableViewController.swift; sourceTree = "<group>"; };
		45DD68FF2547C813003B139E /* Base */ = {isa = PBXFileReference; lastKnownFileType = file.storyboard; name = Base; path = Base.lproj/Main.storyboard; sourceTree = "<group>"; };
		45DD69012547C81A003B139E /* Assets.xcassets */ = {isa = PBXFileReference; lastKnownFileType = folder.assetcatalog; path = Assets.xcassets; sourceTree = "<group>"; };
		45DD69042547C81A003B139E /* Base */ = {isa = PBXFileReference; lastKnownFileType = file.storyboard; name = Base; path = Base.lproj/LaunchScreen.storyboard; sourceTree = "<group>"; };
		45DD69062547C81A003B139E /* Info.plist */ = {isa = PBXFileReference; lastKnownFileType = text.plist.xml; path = Info.plist; sourceTree = "<group>"; };
		45DD690B2547C81A003B139E /* GitHubUsersTests.xctest */ = {isa = PBXFileReference; explicitFileType = wrapper.cfbundle; includeInIndex = 0; path = GitHubUsersTests.xctest; sourceTree = BUILT_PRODUCTS_DIR; };
		45DD690F2547C81A003B139E /* GitHubUsersTests.swift */ = {isa = PBXFileReference; lastKnownFileType = sourcecode.swift; path = GitHubUsersTests.swift; sourceTree = "<group>"; };
		45DD69112547C81A003B139E /* Info.plist */ = {isa = PBXFileReference; lastKnownFileType = text.plist.xml; path = Info.plist; sourceTree = "<group>"; };
		45DD69162547C81A003B139E /* GitHubUsersUITests.xctest */ = {isa = PBXFileReference; explicitFileType = wrapper.cfbundle; includeInIndex = 0; path = GitHubUsersUITests.xctest; sourceTree = BUILT_PRODUCTS_DIR; };
		45DD691A2547C81A003B139E /* GitHubUsersUITests.swift */ = {isa = PBXFileReference; lastKnownFileType = sourcecode.swift; path = GitHubUsersUITests.swift; sourceTree = "<group>"; };
		45DD691C2547C81A003B139E /* Info.plist */ = {isa = PBXFileReference; lastKnownFileType = text.plist.xml; path = Info.plist; sourceTree = "<group>"; };
/* End PBXFileReference section */

/* Begin PBXFrameworksBuildPhase section */
		45DD68F22547C813003B139E /* Frameworks */ = {
			isa = PBXFrameworksBuildPhase;
			buildActionMask = 2147483647;
			files = (
			);
			runOnlyForDeploymentPostprocessing = 0;
		};
		45DD69082547C81A003B139E /* Frameworks */ = {
			isa = PBXFrameworksBuildPhase;
			buildActionMask = 2147483647;
			files = (
			);
			runOnlyForDeploymentPostprocessing = 0;
		};
		45DD69132547C81A003B139E /* Frameworks */ = {
			isa = PBXFrameworksBuildPhase;
			buildActionMask = 2147483647;
			files = (
			);
			runOnlyForDeploymentPostprocessing = 0;
		};
/* End PBXFrameworksBuildPhase section */

/* Begin PBXGroup section */
		456DB0092549114400288941 /* Storage */ = {
			isa = PBXGroup;
			children = (
				456DB00A2549119400288941 /* GitHubUsersCoreDataStorage.swift */,
				456DB0122549129D00288941 /* GitHubUsersDataModel.xcdatamodeld */,
				456DB02C25491E4700288941 /* GitHubUsersCoreDataStorageError.swift */,
			);
			path = Storage;
			sourceTree = "<group>";
		};
		456DB01B25491AAF00288941 /* Parser */ = {
			isa = PBXGroup;
			children = (
				456DB01C25491AC700288941 /* GitHubUsersJSONParser.swift */,
			);
			path = Parser;
			sourceTree = "<group>";
		};
		456DB031254934D900288941 /* DataProvider */ = {
			isa = PBXGroup;
			children = (
				456DB032254934FF00288941 /* GitHubUsersURLDataProvider.swift */,
				456DB03A2549373300288941 /* GitHubUsersURLDataProviderError.swift */,
				45A83FB3254A6EB70063AC9F /* ImageLoader.swift */,
			);
			path = DataProvider;
			sourceTree = "<group>";
		};
		456DB03F25493D7E00288941 /* DataCoordinator */ = {
			isa = PBXGroup;
			children = (
				456DB04025493DA500288941 /* GitHubUsersDataCoordinator.swift */,
			);
			path = DataCoordinator;
			sourceTree = "<group>";
		};
		456DB04525493E5A00288941 /* Protocols */ = {
			isa = PBXGroup;
			children = (
				456DB04625493E6E00288941 /* GitHubUsersStorage.swift */,
				456DB0572549400100288941 /* GitHubUsersDataProvider.swift */,
				45A83FA42549415E0063AC9F /* GitHubUsersParser.swift */,
			);
			path = Protocols;
			sourceTree = "<group>";
		};
		45DD68EC2547C813003B139E = {
			isa = PBXGroup;
			children = (
				456DB04525493E5A00288941 /* Protocols */,
				456DB03F25493D7E00288941 /* DataCoordinator */,
				456DB031254934D900288941 /* DataProvider */,
				456DB01B25491AAF00288941 /* Parser */,
				456DB0092549114400288941 /* Storage */,
				45DD68F72547C813003B139E /* GitHubUsers */,
				45DD690E2547C81A003B139E /* GitHubUsersTests */,
				45DD69192547C81A003B139E /* GitHubUsersUITests */,
				45DD68F62547C813003B139E /* Products */,
			);
			sourceTree = "<group>";
		};
		45DD68F62547C813003B139E /* Products */ = {
			isa = PBXGroup;
			children = (
				45DD68F52547C813003B139E /* GitHubUsers.app */,
				45DD690B2547C81A003B139E /* GitHubUsersTests.xctest */,
				45DD69162547C81A003B139E /* GitHubUsersUITests.xctest */,
			);
			name = Products;
			sourceTree = "<group>";
		};
		45DD68F72547C813003B139E /* GitHubUsers */ = {
			isa = PBXGroup;
			children = (
				45DD68F82547C813003B139E /* AppDelegate.swift */,
				45DD68FA2547C813003B139E /* SceneDelegate.swift */,
				45DD68FC2547C813003B139E /* GitHubUsersListTableViewController.swift */,
				45DD68FE2547C813003B139E /* Main.storyboard */,
				45DD69012547C81A003B139E /* Assets.xcassets */,
				45DD69032547C81A003B139E /* LaunchScreen.storyboard */,
				45DD69062547C81A003B139E /* Info.plist */,
				45A83FA9254A57650063AC9F /* LoadMoreTableViewCell.swift */,
				45A83FAE254A668A0063AC9F /* GitHubUserTableViewCell.swift */,
			);
			path = GitHubUsers;
			sourceTree = "<group>";
		};
		45DD690E2547C81A003B139E /* GitHubUsersTests */ = {
			isa = PBXGroup;
			children = (
				45DD690F2547C81A003B139E /* GitHubUsersTests.swift */,
				45DD69112547C81A003B139E /* Info.plist */,
			);
			path = GitHubUsersTests;
			sourceTree = "<group>";
		};
		45DD69192547C81A003B139E /* GitHubUsersUITests */ = {
			isa = PBXGroup;
			children = (
				45DD691A2547C81A003B139E /* GitHubUsersUITests.swift */,
				45DD691C2547C81A003B139E /* Info.plist */,
			);
			path = GitHubUsersUITests;
			sourceTree = "<group>";
		};
/* End PBXGroup section */

/* Begin PBXNativeTarget section */
		45DD68F42547C813003B139E /* GitHubUsers */ = {
			isa = PBXNativeTarget;
			buildConfigurationList = 45DD691F2547C81A003B139E /* Build configuration list for PBXNativeTarget "GitHubUsers" */;
			buildPhases = (
				45DD68F12547C813003B139E /* Sources */,
				45DD68F22547C813003B139E /* Frameworks */,
				45DD68F32547C813003B139E /* Resources */,
			);
			buildRules = (
			);
			dependencies = (
			);
			name = GitHubUsers;
			productName = GitHubUsers;
			productReference = 45DD68F52547C813003B139E /* GitHubUsers.app */;
			productType = "com.apple.product-type.application";
		};
		45DD690A2547C81A003B139E /* GitHubUsersTests */ = {
			isa = PBXNativeTarget;
			buildConfigurationList = 45DD69222547C81A003B139E /* Build configuration list for PBXNativeTarget "GitHubUsersTests" */;
			buildPhases = (
				45DD69072547C81A003B139E /* Sources */,
				45DD69082547C81A003B139E /* Frameworks */,
				45DD69092547C81A003B139E /* Resources */,
			);
			buildRules = (
			);
			dependencies = (
				45DD690D2547C81A003B139E /* PBXTargetDependency */,
			);
			name = GitHubUsersTests;
			productName = GitHubUsersTests;
			productReference = 45DD690B2547C81A003B139E /* GitHubUsersTests.xctest */;
			productType = "com.apple.product-type.bundle.unit-test";
		};
		45DD69152547C81A003B139E /* GitHubUsersUITests */ = {
			isa = PBXNativeTarget;
			buildConfigurationList = 45DD69252547C81A003B139E /* Build configuration list for PBXNativeTarget "GitHubUsersUITests" */;
			buildPhases = (
				45DD69122547C81A003B139E /* Sources */,
				45DD69132547C81A003B139E /* Frameworks */,
				45DD69142547C81A003B139E /* Resources */,
			);
			buildRules = (
			);
			dependencies = (
				45DD69182547C81A003B139E /* PBXTargetDependency */,
			);
			name = GitHubUsersUITests;
			productName = GitHubUsersUITests;
			productReference = 45DD69162547C81A003B139E /* GitHubUsersUITests.xctest */;
			productType = "com.apple.product-type.bundle.ui-testing";
		};
/* End PBXNativeTarget section */

/* Begin PBXProject section */
		45DD68ED2547C813003B139E /* Project object */ = {
			isa = PBXProject;
			attributes = {
				LastSwiftUpdateCheck = 1210;
				LastUpgradeCheck = 1210;
				TargetAttributes = {
					45DD68F42547C813003B139E = {
						CreatedOnToolsVersion = 12.1;
					};
					45DD690A2547C81A003B139E = {
						CreatedOnToolsVersion = 12.1;
						TestTargetID = 45DD68F42547C813003B139E;
					};
					45DD69152547C81A003B139E = {
						CreatedOnToolsVersion = 12.1;
						TestTargetID = 45DD68F42547C813003B139E;
					};
				};
			};
			buildConfigurationList = 45DD68F02547C813003B139E /* Build configuration list for PBXProject "GitHubUsers" */;
			compatibilityVersion = "Xcode 9.3";
			developmentRegion = en;
			hasScannedForEncodings = 0;
			knownRegions = (
				en,
				Base,
			);
			mainGroup = 45DD68EC2547C813003B139E;
			productRefGroup = 45DD68F62547C813003B139E /* Products */;
			projectDirPath = "";
			projectRoot = "";
			targets = (
				45DD68F42547C813003B139E /* GitHubUsers */,
				45DD690A2547C81A003B139E /* GitHubUsersTests */,
				45DD69152547C81A003B139E /* GitHubUsersUITests */,
			);
		};
/* End PBXProject section */

/* Begin PBXResourcesBuildPhase section */
		45DD68F32547C813003B139E /* Resources */ = {
			isa = PBXResourcesBuildPhase;
			buildActionMask = 2147483647;
			files = (
				45DD69052547C81A003B139E /* LaunchScreen.storyboard in Resources */,
				45DD69022547C81A003B139E /* Assets.xcassets in Resources */,
				45DD69002547C813003B139E /* Main.storyboard in Resources */,
			);
			runOnlyForDeploymentPostprocessing = 0;
		};
		45DD69092547C81A003B139E /* Resources */ = {
			isa = PBXResourcesBuildPhase;
			buildActionMask = 2147483647;
			files = (
			);
			runOnlyForDeploymentPostprocessing = 0;
		};
		45DD69142547C81A003B139E /* Resources */ = {
			isa = PBXResourcesBuildPhase;
			buildActionMask = 2147483647;
			files = (
			);
			runOnlyForDeploymentPostprocessing = 0;
		};
/* End PBXResourcesBuildPhase section */

/* Begin PBXSourcesBuildPhase section */
		45DD68F12547C813003B139E /* Sources */ = {
			isa = PBXSourcesBuildPhase;
			buildActionMask = 2147483647;
			files = (
				45DD68FD2547C813003B139E /* GitHubUsersListTableViewController.swift in Sources */,
				456DB04725493E6E00288941 /* GitHubUsersStorage.swift in Sources */,
				456DB03B2549373300288941 /* GitHubUsersURLDataProviderError.swift in Sources */,
				456DB04125493DA500288941 /* GitHubUsersDataCoordinator.swift in Sources */,
				456DB00B2549119400288941 /* GitHubUsersCoreDataStorage.swift in Sources */,
				45A83FAF254A668A0063AC9F /* GitHubUserTableViewCell.swift in Sources */,
				45A83FB4254A6EB70063AC9F /* ImageLoader.swift in Sources */,
				456DB033254934FF00288941 /* GitHubUsersURLDataProvider.swift in Sources */,
				45A83FA52549415E0063AC9F /* GitHubUsersParser.swift in Sources */,
				456DB01D25491AC700288941 /* GitHubUsersJSONParser.swift in Sources */,
				45DD68F92547C813003B139E /* AppDelegate.swift in Sources */,
				456DB02D25491E4700288941 /* GitHubUsersCoreDataStorageError.swift in Sources */,
				456DB0142549129D00288941 /* GitHubUsersDataModel.xcdatamodeld in Sources */,
				456DB0582549400100288941 /* GitHubUsersDataProvider.swift in Sources */,
				45A83FAA254A57650063AC9F /* LoadMoreTableViewCell.swift in Sources */,
				45DD68FB2547C813003B139E /* SceneDelegate.swift in Sources */,
			);
			runOnlyForDeploymentPostprocessing = 0;
		};
		45DD69072547C81A003B139E /* Sources */ = {
			isa = PBXSourcesBuildPhase;
			buildActionMask = 2147483647;
			files = (
				45DD69102547C81A003B139E /* GitHubUsersTests.swift in Sources */,
			);
			runOnlyForDeploymentPostprocessing = 0;
		};
		45DD69122547C81A003B139E /* Sources */ = {
			isa = PBXSourcesBuildPhase;
			buildActionMask = 2147483647;
			files = (
				45DD691B2547C81A003B139E /* GitHubUsersUITests.swift in Sources */,
			);
			runOnlyForDeploymentPostprocessing = 0;
		};
/* End PBXSourcesBuildPhase section */

/* Begin PBXTargetDependency section */
		45DD690D2547C81A003B139E /* PBXTargetDependency */ = {
			isa = PBXTargetDependency;
			target = 45DD68F42547C813003B139E /* GitHubUsers */;
			targetProxy = 45DD690C2547C81A003B139E /* PBXContainerItemProxy */;
		};
		45DD69182547C81A003B139E /* PBXTargetDependency */ = {
			isa = PBXTargetDependency;
			target = 45DD68F42547C813003B139E /* GitHubUsers */;
			targetProxy = 45DD69172547C81A003B139E /* PBXContainerItemProxy */;
		};
/* End PBXTargetDependency section */

/* Begin PBXVariantGroup section */
		45DD68FE2547C813003B139E /* Main.storyboard */ = {
			isa = PBXVariantGroup;
			children = (
				45DD68FF2547C813003B139E /* Base */,
			);
			name = Main.storyboard;
			sourceTree = "<group>";
		};
		45DD69032547C81A003B139E /* LaunchScreen.storyboard */ = {
			isa = PBXVariantGroup;
			children = (
				45DD69042547C81A003B139E /* Base */,
			);
			name = LaunchScreen.storyboard;
			sourceTree = "<group>";
		};
/* End PBXVariantGroup section */

/* Begin XCBuildConfiguration section */
		45DD691D2547C81A003B139E /* Debug */ = {
			isa = XCBuildConfiguration;
			buildSettings = {
				ALWAYS_SEARCH_USER_PATHS = NO;
				CLANG_ANALYZER_NONNULL = YES;
				CLANG_ANALYZER_NUMBER_OBJECT_CONVERSION = YES_AGGRESSIVE;
				CLANG_CXX_LANGUAGE_STANDARD = "gnu++14";
				CLANG_CXX_LIBRARY = "libc++";
				CLANG_ENABLE_MODULES = YES;
				CLANG_ENABLE_OBJC_ARC = YES;
				CLANG_ENABLE_OBJC_WEAK = YES;
				CLANG_WARN_BLOCK_CAPTURE_AUTORELEASING = YES;
				CLANG_WARN_BOOL_CONVERSION = YES;
				CLANG_WARN_COMMA = YES;
				CLANG_WARN_CONSTANT_CONVERSION = YES;
				CLANG_WARN_DEPRECATED_OBJC_IMPLEMENTATIONS = YES;
				CLANG_WARN_DIRECT_OBJC_ISA_USAGE = YES_ERROR;
				CLANG_WARN_DOCUMENTATION_COMMENTS = YES;
				CLANG_WARN_EMPTY_BODY = YES;
				CLANG_WARN_ENUM_CONVERSION = YES;
				CLANG_WARN_INFINITE_RECURSION = YES;
				CLANG_WARN_INT_CONVERSION = YES;
				CLANG_WARN_NON_LITERAL_NULL_CONVERSION = YES;
				CLANG_WARN_OBJC_IMPLICIT_RETAIN_SELF = YES;
				CLANG_WARN_OBJC_LITERAL_CONVERSION = YES;
				CLANG_WARN_OBJC_ROOT_CLASS = YES_ERROR;
				CLANG_WARN_QUOTED_INCLUDE_IN_FRAMEWORK_HEADER = YES;
				CLANG_WARN_RANGE_LOOP_ANALYSIS = YES;
				CLANG_WARN_STRICT_PROTOTYPES = YES;
				CLANG_WARN_SUSPICIOUS_MOVE = YES;
				CLANG_WARN_UNGUARDED_AVAILABILITY = YES_AGGRESSIVE;
				CLANG_WARN_UNREACHABLE_CODE = YES;
				CLANG_WARN__DUPLICATE_METHOD_MATCH = YES;
				COPY_PHASE_STRIP = NO;
				DEBUG_INFORMATION_FORMAT = dwarf;
				ENABLE_STRICT_OBJC_MSGSEND = YES;
				ENABLE_TESTABILITY = YES;
				GCC_C_LANGUAGE_STANDARD = gnu11;
				GCC_DYNAMIC_NO_PIC = NO;
				GCC_NO_COMMON_BLOCKS = YES;
				GCC_OPTIMIZATION_LEVEL = 0;
				GCC_PREPROCESSOR_DEFINITIONS = (
					"DEBUG=1",
					"$(inherited)",
				);
				GCC_WARN_64_TO_32_BIT_CONVERSION = YES;
				GCC_WARN_ABOUT_RETURN_TYPE = YES_ERROR;
				GCC_WARN_UNDECLARED_SELECTOR = YES;
				GCC_WARN_UNINITIALIZED_AUTOS = YES_AGGRESSIVE;
				GCC_WARN_UNUSED_FUNCTION = YES;
				GCC_WARN_UNUSED_VARIABLE = YES;
				IPHONEOS_DEPLOYMENT_TARGET = 14.1;
				MTL_ENABLE_DEBUG_INFO = INCLUDE_SOURCE;
				MTL_FAST_MATH = YES;
				ONLY_ACTIVE_ARCH = YES;
				SDKROOT = iphoneos;
				SWIFT_ACTIVE_COMPILATION_CONDITIONS = DEBUG;
				SWIFT_OPTIMIZATION_LEVEL = "-Onone";
			};
			name = Debug;
		};
		45DD691E2547C81A003B139E /* Release */ = {
			isa = XCBuildConfiguration;
			buildSettings = {
				ALWAYS_SEARCH_USER_PATHS = NO;
				CLANG_ANALYZER_NONNULL = YES;
				CLANG_ANALYZER_NUMBER_OBJECT_CONVERSION = YES_AGGRESSIVE;
				CLANG_CXX_LANGUAGE_STANDARD = "gnu++14";
				CLANG_CXX_LIBRARY = "libc++";
				CLANG_ENABLE_MODULES = YES;
				CLANG_ENABLE_OBJC_ARC = YES;
				CLANG_ENABLE_OBJC_WEAK = YES;
				CLANG_WARN_BLOCK_CAPTURE_AUTORELEASING = YES;
				CLANG_WARN_BOOL_CONVERSION = YES;
				CLANG_WARN_COMMA = YES;
				CLANG_WARN_CONSTANT_CONVERSION = YES;
				CLANG_WARN_DEPRECATED_OBJC_IMPLEMENTATIONS = YES;
				CLANG_WARN_DIRECT_OBJC_ISA_USAGE = YES_ERROR;
				CLANG_WARN_DOCUMENTATION_COMMENTS = YES;
				CLANG_WARN_EMPTY_BODY = YES;
				CLANG_WARN_ENUM_CONVERSION = YES;
				CLANG_WARN_INFINITE_RECURSION = YES;
				CLANG_WARN_INT_CONVERSION = YES;
				CLANG_WARN_NON_LITERAL_NULL_CONVERSION = YES;
				CLANG_WARN_OBJC_IMPLICIT_RETAIN_SELF = YES;
				CLANG_WARN_OBJC_LITERAL_CONVERSION = YES;
				CLANG_WARN_OBJC_ROOT_CLASS = YES_ERROR;
				CLANG_WARN_QUOTED_INCLUDE_IN_FRAMEWORK_HEADER = YES;
				CLANG_WARN_RANGE_LOOP_ANALYSIS = YES;
				CLANG_WARN_STRICT_PROTOTYPES = YES;
				CLANG_WARN_SUSPICIOUS_MOVE = YES;
				CLANG_WARN_UNGUARDED_AVAILABILITY = YES_AGGRESSIVE;
				CLANG_WARN_UNREACHABLE_CODE = YES;
				CLANG_WARN__DUPLICATE_METHOD_MATCH = YES;
				COPY_PHASE_STRIP = NO;
				DEBUG_INFORMATION_FORMAT = "dwarf-with-dsym";
				ENABLE_NS_ASSERTIONS = NO;
				ENABLE_STRICT_OBJC_MSGSEND = YES;
				GCC_C_LANGUAGE_STANDARD = gnu11;
				GCC_NO_COMMON_BLOCKS = YES;
				GCC_WARN_64_TO_32_BIT_CONVERSION = YES;
				GCC_WARN_ABOUT_RETURN_TYPE = YES_ERROR;
				GCC_WARN_UNDECLARED_SELECTOR = YES;
				GCC_WARN_UNINITIALIZED_AUTOS = YES_AGGRESSIVE;
				GCC_WARN_UNUSED_FUNCTION = YES;
				GCC_WARN_UNUSED_VARIABLE = YES;
				IPHONEOS_DEPLOYMENT_TARGET = 14.1;
				MTL_ENABLE_DEBUG_INFO = NO;
				MTL_FAST_MATH = YES;
				SDKROOT = iphoneos;
				SWIFT_COMPILATION_MODE = wholemodule;
				SWIFT_OPTIMIZATION_LEVEL = "-O";
				VALIDATE_PRODUCT = YES;
			};
			name = Release;
		};
		45DD69202547C81A003B139E /* Debug */ = {
			isa = XCBuildConfiguration;
			buildSettings = {
				ASSETCATALOG_COMPILER_APPICON_NAME = AppIcon;
				ASSETCATALOG_COMPILER_GLOBAL_ACCENT_COLOR_NAME = AccentColor;
				CODE_SIGN_STYLE = Automatic;
				INFOPLIST_FILE = GitHubUsers/Info.plist;
				LD_RUNPATH_SEARCH_PATHS = (
					"$(inherited)",
					"@executable_path/Frameworks",
				);
				PRODUCT_BUNDLE_IDENTIFIER = sdsoft.GitHubUsers;
				PRODUCT_NAME = "$(TARGET_NAME)";
				SWIFT_VERSION = 5.0;
				TARGETED_DEVICE_FAMILY = "1,2";
			};
			name = Debug;
		};
		45DD69212547C81A003B139E /* Release */ = {
			isa = XCBuildConfiguration;
			buildSettings = {
				ASSETCATALOG_COMPILER_APPICON_NAME = AppIcon;
				ASSETCATALOG_COMPILER_GLOBAL_ACCENT_COLOR_NAME = AccentColor;
				CODE_SIGN_STYLE = Automatic;
				INFOPLIST_FILE = GitHubUsers/Info.plist;
				LD_RUNPATH_SEARCH_PATHS = (
					"$(inherited)",
					"@executable_path/Frameworks",
				);
				PRODUCT_BUNDLE_IDENTIFIER = sdsoft.GitHubUsers;
				PRODUCT_NAME = "$(TARGET_NAME)";
				SWIFT_VERSION = 5.0;
				TARGETED_DEVICE_FAMILY = "1,2";
			};
			name = Release;
		};
		45DD69232547C81A003B139E /* Debug */ = {
			isa = XCBuildConfiguration;
			buildSettings = {
				ALWAYS_EMBED_SWIFT_STANDARD_LIBRARIES = YES;
				BUNDLE_LOADER = "$(TEST_HOST)";
				CODE_SIGN_STYLE = Automatic;
				INFOPLIST_FILE = GitHubUsersTests/Info.plist;
				IPHONEOS_DEPLOYMENT_TARGET = 14.1;
				LD_RUNPATH_SEARCH_PATHS = (
					"$(inherited)",
					"@executable_path/Frameworks",
					"@loader_path/Frameworks",
				);
				PRODUCT_BUNDLE_IDENTIFIER = sdsoft.GitHubUsersTests;
				PRODUCT_NAME = "$(TARGET_NAME)";
				SWIFT_VERSION = 5.0;
				TARGETED_DEVICE_FAMILY = "1,2";
				TEST_HOST = "$(BUILT_PRODUCTS_DIR)/GitHubUsers.app/GitHubUsers";
			};
			name = Debug;
		};
		45DD69242547C81A003B139E /* Release */ = {
			isa = XCBuildConfiguration;
			buildSettings = {
				ALWAYS_EMBED_SWIFT_STANDARD_LIBRARIES = YES;
				BUNDLE_LOADER = "$(TEST_HOST)";
				CODE_SIGN_STYLE = Automatic;
				INFOPLIST_FILE = GitHubUsersTests/Info.plist;
				IPHONEOS_DEPLOYMENT_TARGET = 14.1;
				LD_RUNPATH_SEARCH_PATHS = (
					"$(inherited)",
					"@executable_path/Frameworks",
					"@loader_path/Frameworks",
				);
				PRODUCT_BUNDLE_IDENTIFIER = sdsoft.GitHubUsersTests;
				PRODUCT_NAME = "$(TARGET_NAME)";
				SWIFT_VERSION = 5.0;
				TARGETED_DEVICE_FAMILY = "1,2";
				TEST_HOST = "$(BUILT_PRODUCTS_DIR)/GitHubUsers.app/GitHubUsers";
			};
			name = Release;
		};
		45DD69262547C81A003B139E /* Debug */ = {
			isa = XCBuildConfiguration;
			buildSettings = {
				ALWAYS_EMBED_SWIFT_STANDARD_LIBRARIES = YES;
				CODE_SIGN_STYLE = Automatic;
				INFOPLIST_FILE = GitHubUsersUITests/Info.plist;
				LD_RUNPATH_SEARCH_PATHS = (
					"$(inherited)",
					"@executable_path/Frameworks",
					"@loader_path/Frameworks",
				);
				PRODUCT_BUNDLE_IDENTIFIER = sdsoft.GitHubUsersUITests;
				PRODUCT_NAME = "$(TARGET_NAME)";
				SWIFT_VERSION = 5.0;
				TARGETED_DEVICE_FAMILY = "1,2";
				TEST_TARGET_NAME = GitHubUsers;
			};
			name = Debug;
		};
		45DD69272547C81A003B139E /* Release */ = {
			isa = XCBuildConfiguration;
			buildSettings = {
				ALWAYS_EMBED_SWIFT_STANDARD_LIBRARIES = YES;
				CODE_SIGN_STYLE = Automatic;
				INFOPLIST_FILE = GitHubUsersUITests/Info.plist;
				LD_RUNPATH_SEARCH_PATHS = (
					"$(inherited)",
					"@executable_path/Frameworks",
					"@loader_path/Frameworks",
				);
				PRODUCT_BUNDLE_IDENTIFIER = sdsoft.GitHubUsersUITests;
				PRODUCT_NAME = "$(TARGET_NAME)";
				SWIFT_VERSION = 5.0;
				TARGETED_DEVICE_FAMILY = "1,2";
				TEST_TARGET_NAME = GitHubUsers;
			};
			name = Release;
		};
/* End XCBuildConfiguration section */

/* Begin XCConfigurationList section */
		45DD68F02547C813003B139E /* Build configuration list for PBXProject "GitHubUsers" */ = {
			isa = XCConfigurationList;
			buildConfigurations = (
				45DD691D2547C81A003B139E /* Debug */,
				45DD691E2547C81A003B139E /* Release */,
			);
			defaultConfigurationIsVisible = 0;
			defaultConfigurationName = Release;
		};
		45DD691F2547C81A003B139E /* Build configuration list for PBXNativeTarget "GitHubUsers" */ = {
			isa = XCConfigurationList;
			buildConfigurations = (
				45DD69202547C81A003B139E /* Debug */,
				45DD69212547C81A003B139E /* Release */,
			);
			defaultConfigurationIsVisible = 0;
			defaultConfigurationName = Release;
		};
		45DD69222547C81A003B139E /* Build configuration list for PBXNativeTarget "GitHubUsersTests" */ = {
			isa = XCConfigurationList;
			buildConfigurations = (
				45DD69232547C81A003B139E /* Debug */,
				45DD69242547C81A003B139E /* Release */,
			);
			defaultConfigurationIsVisible = 0;
			defaultConfigurationName = Release;
		};
		45DD69252547C81A003B139E /* Build configuration list for PBXNativeTarget "GitHubUsersUITests" */ = {
			isa = XCConfigurationList;
			buildConfigurations = (
				45DD69262547C81A003B139E /* Debug */,
				45DD69272547C81A003B139E /* Release */,
			);
			defaultConfigurationIsVisible = 0;
			defaultConfigurationName = Release;
		};
/* End XCConfigurationList section */

/* Begin XCVersionGroup section */
		456DB0122549129D00288941 /* GitHubUsersDataModel.xcdatamodeld */ = {
			isa = XCVersionGroup;
			children = (
				456DB0132549129D00288941 /* GitHubUsersDataModel.xcdatamodel */,
			);
			currentVersion = 456DB0132549129D00288941 /* GitHubUsersDataModel.xcdatamodel */;
			path = GitHubUsersDataModel.xcdatamodeld;
			sourceTree = "<group>";
			versionGroupType = wrapper.xcdatamodel;
		};
/* End XCVersionGroup section */
	};
	rootObject = 45DD68ED2547C813003B139E /* Project object */;
}
